// !$*UTF8*$!
{
	archiveVersion = 1;
	classes = {
	};
	objectVersion = 48;
	objects = {

/* Begin PBXBuildFile section */
		C7A4101820445EB0003F58F9 /* AppDelegate.swift in Sources */ = {isa = PBXBuildFile; fileRef = C7A4101720445EB0003F58F9 /* AppDelegate.swift */; };
		C7A4101A20445EB0003F58F9 /* ViewController.swift in Sources */ = {isa = PBXBuildFile; fileRef = C7A4101920445EB0003F58F9 /* ViewController.swift */; };
		C7A4101D20445EB0003F58F9 /* Main.storyboard in Resources */ = {isa = PBXBuildFile; fileRef = C7A4101B20445EB0003F58F9 /* Main.storyboard */; };
		C7A4101F20445EB0003F58F9 /* Assets.xcassets in Resources */ = {isa = PBXBuildFile; fileRef = C7A4101E20445EB0003F58F9 /* Assets.xcassets */; };
		C7A4102220445EB0003F58F9 /* LaunchScreen.storyboard in Resources */ = {isa = PBXBuildFile; fileRef = C7A4102020445EB0003F58F9 /* LaunchScreen.storyboard */; };
		C7A4102D20445EB0003F58F9 /* GettingStartedTests.swift in Sources */ = {isa = PBXBuildFile; fileRef = C7A4102C20445EB0003F58F9 /* GettingStartedTests.swift */; };
		C7A4103820445EB0003F58F9 /* GettingStartedUITests.swift in Sources */ = {isa = PBXBuildFile; fileRef = C7A4103720445EB0003F58F9 /* GettingStartedUITests.swift */; };
/* End PBXBuildFile section */

/* Begin PBXContainerItemProxy section */
		C7A4102920445EB0003F58F9 /* PBXContainerItemProxy */ = {
			isa = PBXContainerItemProxy;
			containerPortal = C7A4100C20445EB0003F58F9 /* Project object */;
			proxyType = 1;
			remoteGlobalIDString = C7A4101320445EB0003F58F9;
			remoteInfo = GettingStarted;
		};
		C7A4103420445EB0003F58F9 /* PBXContainerItemProxy */ = {
			isa = PBXContainerItemProxy;
			containerPortal = C7A4100C20445EB0003F58F9 /* Project object */;
			proxyType = 1;
			remoteGlobalIDString = C7A4101320445EB0003F58F9;
			remoteInfo = GettingStarted;
		};
/* End PBXContainerItemProxy section */

/* Begin PBXFileReference section */
		C7A4101420445EB0003F58F9 /* GettingStarted.app */ = {isa = PBXFileReference; explicitFileType = wrapper.application; includeInIndex = 0; path = GettingStarted.app; sourceTree = BUILT_PRODUCTS_DIR; };
		C7A4101720445EB0003F58F9 /* AppDelegate.swift */ = {isa = PBXFileReference; lastKnownFileType = sourcecode.swift; path = AppDelegate.swift; sourceTree = "<group>"; };
		C7A4101920445EB0003F58F9 /* ViewController.swift */ = {isa = PBXFileReference; lastKnownFileType = sourcecode.swift; path = ViewController.swift; sourceTree = "<group>"; };
		C7A4101C20445EB0003F58F9 /* Base */ = {isa = PBXFileReference; lastKnownFileType = file.storyboard; name = Base; path = Base.lproj/Main.storyboard; sourceTree = "<group>"; };
		C7A4101E20445EB0003F58F9 /* Assets.xcassets */ = {isa = PBXFileReference; lastKnownFileType = folder.assetcatalog; path = Assets.xcassets; sourceTree = "<group>"; };
		C7A4102120445EB0003F58F9 /* Base */ = {isa = PBXFileReference; lastKnownFileType = file.storyboard; name = Base; path = Base.lproj/LaunchScreen.storyboard; sourceTree = "<group>"; };
		C7A4102320445EB0003F58F9 /* Info.plist */ = {isa = PBXFileReference; lastKnownFileType = text.plist.xml; path = Info.plist; sourceTree = "<group>"; };
		C7A4102820445EB0003F58F9 /* GettingStartedTests.xctest */ = {isa = PBXFileReference; explicitFileType = wrapper.cfbundle; includeInIndex = 0; path = GettingStartedTests.xctest; sourceTree = BUILT_PRODUCTS_DIR; };
		C7A4102C20445EB0003F58F9 /* GettingStartedTests.swift */ = {isa = PBXFileReference; lastKnownFileType = sourcecode.swift; path = GettingStartedTests.swift; sourceTree = "<group>"; };
		C7A4102E20445EB0003F58F9 /* Info.plist */ = {isa = PBXFileReference; lastKnownFileType = text.plist.xml; path = Info.plist; sourceTree = "<group>"; };
		C7A4103320445EB0003F58F9 /* GettingStartedUITests.xctest */ = {isa = PBXFileReference; explicitFileType = wrapper.cfbundle; includeInIndex = 0; path = GettingStartedUITests.xctest; sourceTree = BUILT_PRODUCTS_DIR; };
		C7A4103720445EB0003F58F9 /* GettingStartedUITests.swift */ = {isa = PBXFileReference; lastKnownFileType = sourcecode.swift; path = GettingStartedUITests.swift; sourceTree = "<group>"; };
		C7A4103920445EB0003F58F9 /* Info.plist */ = {isa = PBXFileReference; lastKnownFileType = text.plist.xml; path = Info.plist; sourceTree = "<group>"; };
/* End PBXFileReference section */

/* Begin PBXFrameworksBuildPhase section */
		C7A4101120445EB0003F58F9 /* Frameworks */ = {
			isa = PBXFrameworksBuildPhase;
			buildActionMask = 2147483647;
			files = (
			);
			runOnlyForDeploymentPostprocessing = 0;
		};
		C7A4102520445EB0003F58F9 /* Frameworks */ = {
			isa = PBXFrameworksBuildPhase;
			buildActionMask = 2147483647;
			files = (
			);
			runOnlyForDeploymentPostprocessing = 0;
		};
		C7A4103020445EB0003F58F9 /* Frameworks */ = {
			isa = PBXFrameworksBuildPhase;
			buildActionMask = 2147483647;
			files = (
			);
			runOnlyForDeploymentPostprocessing = 0;
		};
/* End PBXFrameworksBuildPhase section */

/* Begin PBXGroup section */
		C7A4100B20445EB0003F58F9 = {
			isa = PBXGroup;
			children = (
				C7A4101620445EB0003F58F9 /* GettingStarted */,
				C7A4102B20445EB0003F58F9 /* GettingStartedTests */,
				C7A4103620445EB0003F58F9 /* GettingStartedUITests */,
				C7A4101520445EB0003F58F9 /* Products */,
			);
			sourceTree = "<group>";
		};
		C7A4101520445EB0003F58F9 /* Products */ = {
			isa = PBXGroup;
			children = (
				C7A4101420445EB0003F58F9 /* GettingStarted.app */,
				C7A4102820445EB0003F58F9 /* GettingStartedTests.xctest */,
				C7A4103320445EB0003F58F9 /* GettingStartedUITests.xctest */,
			);
			name = Products;
			sourceTree = "<group>";
		};
		C7A4101620445EB0003F58F9 /* GettingStarted */ = {
			isa = PBXGroup;
			children = (
				C7A4101720445EB0003F58F9 /* AppDelegate.swift */,
				C7A4101920445EB0003F58F9 /* ViewController.swift */,
				C7A4101B20445EB0003F58F9 /* Main.storyboard */,
				C7A4101E20445EB0003F58F9 /* Assets.xcassets */,
				C7A4102020445EB0003F58F9 /* LaunchScreen.storyboard */,
				C7A4102320445EB0003F58F9 /* Info.plist */,
			);
			path = GettingStarted;
			sourceTree = "<group>";
		};
		C7A4102B20445EB0003F58F9 /* GettingStartedTests */ = {
			isa = PBXGroup;
			children = (
				C7A4102C20445EB0003F58F9 /* GettingStartedTests.swift */,
				C7A4102E20445EB0003F58F9 /* Info.plist */,
			);
			path = GettingStartedTests;
			sourceTree = "<group>";
		};
		C7A4103620445EB0003F58F9 /* GettingStartedUITests */ = {
			isa = PBXGroup;
			children = (
				C7A4103720445EB0003F58F9 /* GettingStartedUITests.swift */,
				C7A4103920445EB0003F58F9 /* Info.plist */,
			);
			path = GettingStartedUITests;
			sourceTree = "<group>";
		};
/* End PBXGroup section */

/* Begin PBXNativeTarget section */
		C7A4101320445EB0003F58F9 /* GettingStarted */ = {
			isa = PBXNativeTarget;
			buildConfigurationList = C7A4103C20445EB0003F58F9 /* Build configuration list for PBXNativeTarget "GettingStarted" */;
			buildPhases = (
				C7A4101020445EB0003F58F9 /* Sources */,
				C7A4101120445EB0003F58F9 /* Frameworks */,
				C7A4101220445EB0003F58F9 /* Resources */,
			);
			buildRules = (
			);
			dependencies = (
			);
			name = GettingStarted;
			productName = GettingStarted;
			productReference = C7A4101420445EB0003F58F9 /* GettingStarted.app */;
			productType = "com.apple.product-type.application";
		};
		C7A4102720445EB0003F58F9 /* GettingStartedTests */ = {
			isa = PBXNativeTarget;
			buildConfigurationList = C7A4103F20445EB0003F58F9 /* Build configuration list for PBXNativeTarget "GettingStartedTests" */;
			buildPhases = (
				C7A4102420445EB0003F58F9 /* Sources */,
				C7A4102520445EB0003F58F9 /* Frameworks */,
				C7A4102620445EB0003F58F9 /* Resources */,
			);
			buildRules = (
			);
			dependencies = (
				C7A4102A20445EB0003F58F9 /* PBXTargetDependency */,
			);
			name = GettingStartedTests;
			productName = GettingStartedTests;
			productReference = C7A4102820445EB0003F58F9 /* GettingStartedTests.xctest */;
			productType = "com.apple.product-type.bundle.unit-test";
		};
		C7A4103220445EB0003F58F9 /* GettingStartedUITests */ = {
			isa = PBXNativeTarget;
			buildConfigurationList = C7A4104220445EB0003F58F9 /* Build configuration list for PBXNativeTarget "GettingStartedUITests" */;
			buildPhases = (
				C7A4102F20445EB0003F58F9 /* Sources */,
				C7A4103020445EB0003F58F9 /* Frameworks */,
				C7A4103120445EB0003F58F9 /* Resources */,
			);
			buildRules = (
			);
			dependencies = (
				C7A4103520445EB0003F58F9 /* PBXTargetDependency */,
			);
			name = GettingStartedUITests;
			productName = GettingStartedUITests;
			productReference = C7A4103320445EB0003F58F9 /* GettingStartedUITests.xctest */;
			productType = "com.apple.product-type.bundle.ui-testing";
		};
/* End PBXNativeTarget section */

/* Begin PBXProject section */
		C7A4100C20445EB0003F58F9 /* Project object */ = {
			isa = PBXProject;
			attributes = {
				LastSwiftUpdateCheck = 0920;
				LastUpgradeCheck = 0920;
				ORGANIZATIONNAME = "Concepcion Mora";
				TargetAttributes = {
					C7A4101320445EB0003F58F9 = {
						CreatedOnToolsVersion = 9.2;
						ProvisioningStyle = Automatic;
					};
					C7A4102720445EB0003F58F9 = {
						CreatedOnToolsVersion = 9.2;
						ProvisioningStyle = Automatic;
						TestTargetID = C7A4101320445EB0003F58F9;
					};
					C7A4103220445EB0003F58F9 = {
						CreatedOnToolsVersion = 9.2;
						ProvisioningStyle = Automatic;
						TestTargetID = C7A4101320445EB0003F58F9;
					};
				};
			};
			buildConfigurationList = C7A4100F20445EB0003F58F9 /* Build configuration list for PBXProject "GettingStarted" */;
			compatibilityVersion = "Xcode 8.0";
			developmentRegion = en;
			hasScannedForEncodings = 0;
			knownRegions = (
				en,
				Base,
			);
			mainGroup = C7A4100B20445EB0003F58F9;
			productRefGroup = C7A4101520445EB0003F58F9 /* Products */;
			projectDirPath = "";
			projectRoot = "";
			targets = (
				C7A4101320445EB0003F58F9 /* GettingStarted */,
				C7A4102720445EB0003F58F9 /* GettingStartedTests */,
				C7A4103220445EB0003F58F9 /* GettingStartedUITests */,
			);
		};
/* End PBXProject section */

/* Begin PBXResourcesBuildPhase section */
		C7A4101220445EB0003F58F9 /* Resources */ = {
			isa = PBXResourcesBuildPhase;
			buildActionMask = 2147483647;
			files = (
				C7A4102220445EB0003F58F9 /* LaunchScreen.storyboard in Resources */,
				C7A4101F20445EB0003F58F9 /* Assets.xcassets in Resources */,
				C7A4101D20445EB0003F58F9 /* Main.storyboard in Resources */,
			);
			runOnlyForDeploymentPostprocessing = 0;
		};
		C7A4102620445EB0003F58F9 /* Resources */ = {
			isa = PBXResourcesBuildPhase;
			buildActionMask = 2147483647;
			files = (
			);
			runOnlyForDeploymentPostprocessing = 0;
		};
		C7A4103120445EB0003F58F9 /* Resources */ = {
			isa = PBXResourcesBuildPhase;
			buildActionMask = 2147483647;
			files = (
			);
			runOnlyForDeploymentPostprocessing = 0;
		};
/* End PBXResourcesBuildPhase section */

/* Begin PBXSourcesBuildPhase section */
		C7A4101020445EB0003F58F9 /* Sources */ = {
			isa = PBXSourcesBuildPhase;
			buildActionMask = 2147483647;
			files = (
				C7A4101A20445EB0003F58F9 /* ViewController.swift in Sources */,
				C7A4101820445EB0003F58F9 /* AppDelegate.swift in Sources */,
			);
			runOnlyForDeploymentPostprocessing = 0;
		};
		C7A4102420445EB0003F58F9 /* Sources */ = {
			isa = PBXSourcesBuildPhase;
			buildActionMask = 2147483647;
			files = (
				C7A4102D20445EB0003F58F9 /* GettingStartedTests.swift in Sources */,
			);
			runOnlyForDeploymentPostprocessing = 0;
		};
		C7A4102F20445EB0003F58F9 /* Sources */ = {
			isa = PBXSourcesBuildPhase;
			buildActionMask = 2147483647;
			files = (
				C7A4103820445EB0003F58F9 /* GettingStartedUITests.swift in Sources */,
			);
			runOnlyForDeploymentPostprocessing = 0;
		};
/* End PBXSourcesBuildPhase section */

/* Begin PBXTargetDependency section */
		C7A4102A20445EB0003F58F9 /* PBXTargetDependency */ = {
			isa = PBXTargetDependency;
			target = C7A4101320445EB0003F58F9 /* GettingStarted */;
			targetProxy = C7A4102920445EB0003F58F9 /* PBXContainerItemProxy */;
		};
		C7A4103520445EB0003F58F9 /* PBXTargetDependency */ = {
			isa = PBXTargetDependency;
			target = C7A4101320445EB0003F58F9 /* GettingStarted */;
			targetProxy = C7A4103420445EB0003F58F9 /* PBXContainerItemProxy */;
		};
/* End PBXTargetDependency section */

/* Begin PBXVariantGroup section */
		C7A4101B20445EB0003F58F9 /* Main.storyboard */ = {
			isa = PBXVariantGroup;
			children = (
				C7A4101C20445EB0003F58F9 /* Base */,
			);
			name = Main.storyboard;
			sourceTree = "<group>";
		};
		C7A4102020445EB0003F58F9 /* LaunchScreen.storyboard */ = {
			isa = PBXVariantGroup;
			children = (
				C7A4102120445EB0003F58F9 /* Base */,
			);
			name = LaunchScreen.storyboard;
			sourceTree = "<group>";
		};
/* End PBXVariantGroup section */

/* Begin XCBuildConfiguration section */
		C7A4103A20445EB0003F58F9 /* Debug */ = {
			isa = XCBuildConfiguration;
			buildSettings = {
				ALWAYS_SEARCH_USER_PATHS = NO;
				CLANG_ANALYZER_NONNULL = YES;
				CLANG_ANALYZER_NUMBER_OBJECT_CONVERSION = YES_AGGRESSIVE;
				CLANG_CXX_LANGUAGE_STANDARD = "gnu++14";
				CLANG_CXX_LIBRARY = "libc++";
				CLANG_ENABLE_MODULES = YES;
				CLANG_ENABLE_OBJC_ARC = YES;
				CLANG_WARN_BLOCK_CAPTURE_AUTORELEASING = YES;
				CLANG_WARN_BOOL_CONVERSION = YES;
				CLANG_WARN_COMMA = YES;
				CLANG_WARN_CONSTANT_CONVERSION = YES;
				CLANG_WARN_DIRECT_OBJC_ISA_USAGE = YES_ERROR;
				CLANG_WARN_DOCUMENTATION_COMMENTS = YES;
				CLANG_WARN_EMPTY_BODY = YES;
				CLANG_WARN_ENUM_CONVERSION = YES;
				CLANG_WARN_INFINITE_RECURSION = YES;
				CLANG_WARN_INT_CONVERSION = YES;
				CLANG_WARN_NON_LITERAL_NULL_CONVERSION = YES;
				CLANG_WARN_OBJC_LITERAL_CONVERSION = YES;
				CLANG_WARN_OBJC_ROOT_CLASS = YES_ERROR;
				CLANG_WARN_RANGE_LOOP_ANALYSIS = YES;
				CLANG_WARN_STRICT_PROTOTYPES = YES;
				CLANG_WARN_SUSPICIOUS_MOVE = YES;
				CLANG_WARN_UNGUARDED_AVAILABILITY = YES_AGGRESSIVE;
				CLANG_WARN_UNREACHABLE_CODE = YES;
				CLANG_WARN__DUPLICATE_METHOD_MATCH = YES;
				CODE_SIGN_IDENTITY = "iPhone Developer";
				COPY_PHASE_STRIP = NO;
				DEBUG_INFORMATION_FORMAT = dwarf;
				ENABLE_STRICT_OBJC_MSGSEND = YES;
				ENABLE_TESTABILITY = YES;
				GCC_C_LANGUAGE_STANDARD = gnu11;
				GCC_DYNAMIC_NO_PIC = NO;
				GCC_NO_COMMON_BLOCKS = YES;
				GCC_OPTIMIZATION_LEVEL = 0;
				GCC_PREPROCESSOR_DEFINITIONS = (
					"DEBUG=1",
					"$(inherited)",
				);
				GCC_WARN_64_TO_32_BIT_CONVERSION = YES;
				GCC_WARN_ABOUT_RETURN_TYPE = YES_ERROR;
				GCC_WARN_UNDECLARED_SELECTOR = YES;
				GCC_WARN_UNINITIALIZED_AUTOS = YES_AGGRESSIVE;
				GCC_WARN_UNUSED_FUNCTION = YES;
				GCC_WARN_UNUSED_VARIABLE = YES;
				IPHONEOS_DEPLOYMENT_TARGET = 11.2;
				MTL_ENABLE_DEBUG_INFO = YES;
				ONLY_ACTIVE_ARCH = YES;
				SDKROOT = iphoneos;
				SWIFT_ACTIVE_COMPILATION_CONDITIONS = DEBUG;
				SWIFT_OPTIMIZATION_LEVEL = "-Onone";
			};
			name = Debug;
		};
		C7A4103B20445EB0003F58F9 /* Release */ = {
			isa = XCBuildConfiguration;
			buildSettings = {
				ALWAYS_SEARCH_USER_PATHS = NO;
				CLANG_ANALYZER_NONNULL = YES;
				CLANG_ANALYZER_NUMBER_OBJECT_CONVERSION = YES_AGGRESSIVE;
				CLANG_CXX_LANGUAGE_STANDARD = "gnu++14";
				CLANG_CXX_LIBRARY = "libc++";
				CLANG_ENABLE_MODULES = YES;
				CLANG_ENABLE_OBJC_ARC = YES;
				CLANG_WARN_BLOCK_CAPTURE_AUTORELEASING = YES;
				CLANG_WARN_BOOL_CONVERSION = YES;
				CLANG_WARN_COMMA = YES;
				CLANG_WARN_CONSTANT_CONVERSION = YES;
				CLANG_WARN_DIRECT_OBJC_ISA_USAGE = YES_ERROR;
				CLANG_WARN_DOCUMENTATION_COMMENTS = YES;
				CLANG_WARN_EMPTY_BODY = YES;
				CLANG_WARN_ENUM_CONVERSION = YES;
				CLANG_WARN_INFINITE_RECURSION = YES;
				CLANG_WARN_INT_CONVERSION = YES;
				CLANG_WARN_NON_LITERAL_NULL_CONVERSION = YES;
				CLANG_WARN_OBJC_LITERAL_CONVERSION = YES;
				CLANG_WARN_OBJC_ROOT_CLASS = YES_ERROR;
				CLANG_WARN_RANGE_LOOP_ANALYSIS = YES;
				CLANG_WARN_STRICT_PROTOTYPES = YES;
				CLANG_WARN_SUSPICIOUS_MOVE = YES;
				CLANG_WARN_UNGUARDED_AVAILABILITY = YES_AGGRESSIVE;
				CLANG_WARN_UNREACHABLE_CODE = YES;
				CLANG_WARN__DUPLICATE_METHOD_MATCH = YES;
				CODE_SIGN_IDENTITY = "iPhone Developer";
				COPY_PHASE_STRIP = NO;
				DEBUG_INFORMATION_FORMAT = "dwarf-with-dsym";
				ENABLE_NS_ASSERTIONS = NO;
				ENABLE_STRICT_OBJC_MSGSEND = YES;
				GCC_C_LANGUAGE_STANDARD = gnu11;
				GCC_NO_COMMON_BLOCKS = YES;
				GCC_WARN_64_TO_32_BIT_CONVERSION = YES;
				GCC_WARN_ABOUT_RETURN_TYPE = YES_ERROR;
				GCC_WARN_UNDECLARED_SELECTOR = YES;
				GCC_WARN_UNINITIALIZED_AUTOS = YES_AGGRESSIVE;
				GCC_WARN_UNUSED_FUNCTION = YES;
				GCC_WARN_UNUSED_VARIABLE = YES;
				IPHONEOS_DEPLOYMENT_TARGET = 11.2;
				MTL_ENABLE_DEBUG_INFO = NO;
				SDKROOT = iphoneos;
				SWIFT_OPTIMIZATION_LEVEL = "-Owholemodule";
				VALIDATE_PRODUCT = YES;
			};
			name = Release;
		};
		C7A4103D20445EB0003F58F9 /* Debug */ = {
			isa = XCBuildConfiguration;
			buildSettings = {
				ASSETCATALOG_COMPILER_APPICON_NAME = AppIcon;
				CODE_SIGN_STYLE = Automatic;
				INFOPLIST_FILE = GettingStarted/Info.plist;
				LD_RUNPATH_SEARCH_PATHS = "$(inherited) @executable_path/Frameworks";
				PRODUCT_BUNDLE_IDENTIFIER = com.example.GettingStarted;
				PRODUCT_NAME = "$(TARGET_NAME)";
				SWIFT_VERSION = 4.0;
				TARGETED_DEVICE_FAMILY = "1,2";
			};
			name = Debug;
		};
		C7A4103E20445EB0003F58F9 /* Release */ = {
			isa = XCBuildConfiguration;
			buildSettings = {
				ASSETCATALOG_COMPILER_APPICON_NAME = AppIcon;
				CODE_SIGN_STYLE = Automatic;
				INFOPLIST_FILE = GettingStarted/Info.plist;
				LD_RUNPATH_SEARCH_PATHS = "$(inherited) @executable_path/Frameworks";
				PRODUCT_BUNDLE_IDENTIFIER = com.example.GettingStarted;
				PRODUCT_NAME = "$(TARGET_NAME)";
				SWIFT_VERSION = 4.0;
				TARGETED_DEVICE_FAMILY = "1,2";
			};
			name = Release;
		};
		C7A4104020445EB0003F58F9 /* Debug */ = {
			isa = XCBuildConfiguration;
			buildSettings = {
				ALWAYS_EMBED_SWIFT_STANDARD_LIBRARIES = YES;
				BUNDLE_LOADER = "$(TEST_HOST)";
				CODE_SIGN_STYLE = Automatic;
				INFOPLIST_FILE = GettingStartedTests/Info.plist;
				LD_RUNPATH_SEARCH_PATHS = "$(inherited) @executable_path/Frameworks @loader_path/Frameworks";
				PRODUCT_BUNDLE_IDENTIFIER = com.example.GettingStartedTests;
				PRODUCT_NAME = "$(TARGET_NAME)";
				SWIFT_VERSION = 4.0;
				TARGETED_DEVICE_FAMILY = "1,2";
				TEST_HOST = "$(BUILT_PRODUCTS_DIR)/GettingStarted.app/GettingStarted";
			};
			name = Debug;
		};
		C7A4104120445EB0003F58F9 /* Release */ = {
			isa = XCBuildConfiguration;
			buildSettings = {
				ALWAYS_EMBED_SWIFT_STANDARD_LIBRARIES = YES;
				BUNDLE_LOADER = "$(TEST_HOST)";
				CODE_SIGN_STYLE = Automatic;
				INFOPLIST_FILE = GettingStartedTests/Info.plist;
				LD_RUNPATH_SEARCH_PATHS = "$(inherited) @executable_path/Frameworks @loader_path/Frameworks";
				PRODUCT_BUNDLE_IDENTIFIER = com.example.GettingStartedTests;
				PRODUCT_NAME = "$(TARGET_NAME)";
				SWIFT_VERSION = 4.0;
				TARGETED_DEVICE_FAMILY = "1,2";
				TEST_HOST = "$(BUILT_PRODUCTS_DIR)/GettingStarted.app/GettingStarted";
			};
			name = Release;
		};
		C7A4104320445EB0003F58F9 /* Debug */ = {
			isa = XCBuildConfiguration;
			buildSettings = {
				ALWAYS_EMBED_SWIFT_STANDARD_LIBRARIES = YES;
				CODE_SIGN_STYLE = Automatic;
				INFOPLIST_FILE = GettingStartedUITests/Info.plist;
				LD_RUNPATH_SEARCH_PATHS = "$(inherited) @executable_path/Frameworks @loader_path/Frameworks";
				PRODUCT_BUNDLE_IDENTIFIER = com.example.GettingStartedUITests;
				PRODUCT_NAME = "$(TARGET_NAME)";
				SWIFT_VERSION = 4.0;
				TARGETED_DEVICE_FAMILY = "1,2";
				TEST_TARGET_NAME = GettingStarted;
			};
			name = Debug;
		};
		C7A4104420445EB0003F58F9 /* Release */ = {
			isa = XCBuildConfiguration;
			buildSettings = {
				ALWAYS_EMBED_SWIFT_STANDARD_LIBRARIES = YES;
				CODE_SIGN_STYLE = Automatic;
				INFOPLIST_FILE = GettingStartedUITests/Info.plist;
				LD_RUNPATH_SEARCH_PATHS = "$(inherited) @executable_path/Frameworks @loader_path/Frameworks";
				PRODUCT_BUNDLE_IDENTIFIER = com.example.GettingStartedUITests;
				PRODUCT_NAME = "$(TARGET_NAME)";
				SWIFT_VERSION = 4.0;
				TARGETED_DEVICE_FAMILY = "1,2";
				TEST_TARGET_NAME = GettingStarted;
			};
			name = Release;
		};
/* End XCBuildConfiguration section */

/* Begin XCConfigurationList section */
		C7A4100F20445EB0003F58F9 /* Build configuration list for PBXProject "GettingStarted" */ = {
			isa = XCConfigurationList;
			buildConfigurations = (
				C7A4103A20445EB0003F58F9 /* Debug */,
				C7A4103B20445EB0003F58F9 /* Release */,
			);
			defaultConfigurationIsVisible = 0;
			defaultConfigurationName = Release;
		};
		C7A4103C20445EB0003F58F9 /* Build configuration list for PBXNativeTarget "GettingStarted" */ = {
			isa = XCConfigurationList;
			buildConfigurations = (
				C7A4103D20445EB0003F58F9 /* Debug */,
				C7A4103E20445EB0003F58F9 /* Release */,
			);
			defaultConfigurationIsVisible = 0;
			defaultConfigurationName = Release;
		};
		C7A4103F20445EB0003F58F9 /* Build configuration list for PBXNativeTarget "GettingStartedTests" */ = {
			isa = XCConfigurationList;
			buildConfigurations = (
				C7A4104020445EB0003F58F9 /* Debug */,
				C7A4104120445EB0003F58F9 /* Release */,
			);
			defaultConfigurationIsVisible = 0;
			defaultConfigurationName = Release;
		};
		C7A4104220445EB0003F58F9 /* Build configuration list for PBXNativeTarget "GettingStartedUITests" */ = {
			isa = XCConfigurationList;
			buildConfigurations = (
				C7A4104320445EB0003F58F9 /* Debug */,
				C7A4104420445EB0003F58F9 /* Release */,
			);
			defaultConfigurationIsVisible = 0;
			defaultConfigurationName = Release;
		};
/* End XCConfigurationList section */
	};
	rootObject = C7A4100C20445EB0003F58F9 /* Project object */;
}
